
Microsoft Visual Studio Solution File, Format Version 12.00
# Visual Studio 14
VisualStudioVersion = 14.0.25420.1
MinimumVisualStudioVersion = 10.0.40219.1
Project("{FAE04EC0-301F-11D3-BF4B-00C04F79EFBC}") = "Lab01_B2", "Lab01\Lab01_B2.csproj", "{B05516CE-556E-408E-A939-CA00A578E4B7}"
EndProject
Project("{FAE04EC0-301F-11D3-BF4B-00C04F79EFBC}") = "Lab01_B3", "Lab01_B2\Lab01_B3.csproj", "{22E8D131-CBC6-46C5-9A69-227F11D06EA6}"
EndProject
Project("{FAE04EC0-301F-11D3-BF4B-00C04F79EFBC}") = "Lab01_B1", "Lab01_B1\Lab01_B1.csproj", "{426586CA-5ED5-493B-BFBB-42731157A0BC}"
EndProject
Global
	GlobalSection(SolutionConfigurationPlatforms) = preSolution
		Debug|Any CPU = Debug|Any CPU
		Release|Any CPU = Release|Any CPU
	EndGlobalSection
	GlobalSection(ProjectConfigurationPlatforms) = postSolution
		{B05516CE-556E-408E-A939-CA00A578E4B7}.Debug|Any CPU.ActiveCfg = Debug|Any CPU
		{B05516CE-556E-408E-A939-CA00A578E4B7}.Debug|Any CPU.Build.0 = Debug|Any CPU
		{B05516CE-556E-408E-A939-CA00A578E4B7}.Release|Any CPU.ActiveCfg = Release|Any CPU
		{B05516CE-556E-408E-A939-CA00A578E4B7}.Release|Any CPU.Build.0 = Release|Any CPU
		{22E8D131-CBC6-46C5-9A69-227F11D06EA6}.Debug|Any CPU.ActiveCfg = Debug|Any CPU
		{22E8D131-CBC6-46C5-9A69-227F11D06EA6}.Debug|Any CPU.Build.0 = Debug|Any CPU
		{22E8D131-CBC6-46C5-9A69-227F11D06EA6}.Release|Any CPU.ActiveCfg = Release|Any CPU
		{22E8D131-CBC6-46C5-9A69-227F11D06EA6}.Release|Any CPU.Build.0 = Release|Any CPU
		{426586CA-5ED5-493B-BFBB-42731157A0BC}.Debug|Any CPU.ActiveCfg = Debug|Any CPU
		{426586CA-5ED5-493B-BFBB-42731157A0BC}.Debug|Any CPU.Build.0 = Debug|Any CPU
		{426586CA-5ED5-493B-BFBB-42731157A0BC}.Release|Any CPU.ActiveCfg = Release|Any CPU
		{426586CA-5ED5-493B-BFBB-42731157A0BC}.Release|Any CPU.Build.0 = Release|Any CPU
	EndGlobalSection
	GlobalSection(SolutionProperties) = preSolution
		HideSolutionNode = FALSE
	EndGlobalSection
EndGlobal
